
Microsoft Visual Studio Solution File, Format Version 12.00
# Visual Studio Version 16
VisualStudioVersion = 16.0.33130.400
MinimumVisualStudioVersion = 10.0.40219.1
Project("{FAE04EC0-301F-11D3-BF4B-00C04F79EFBC}") = "Maze", "Maze\Maze.csproj", "{40AC503D-1817-455A-B252-1BD7BBEB7E1C}"
EndProject
Global
	GlobalSection(SolutionConfigurationPlatforms) = preSolution
		Debug|Any CPU = Debug|Any CPU
		Release|Any CPU = Release|Any CPU
	EndGlobalSection
	GlobalSection(ProjectConfigurationPlatforms) = postSolution
		{40AC503D-1817-455A-B252-1BD7BBEB7E1C}.Debug|Any CPU.ActiveCfg = Debug|Any CPU
		{40AC503D-1817-455A-B252-1BD7BBEB7E1C}.Debug|Any CPU.Build.0 = Debug|Any CPU
		{40AC503D-1817-455A-B252-1BD7BBEB7E1C}.Release|Any CPU.ActiveCfg = Release|Any CPU
		{40AC503D-1817-455A-B252-1BD7BBEB7E1C}.Release|Any CPU.Build.0 = Release|Any CPU
	EndGlobalSection
	GlobalSection(SolutionProperties) = preSolution
		HideSolutionNode = FALSE
	EndGlobalSection
	GlobalSection(ExtensibilityGlobals) = postSolution
		SolutionGuid = {616327AB-269C-4BA5-A364-53FDF9FE111D}
	EndGlobalSection
EndGlobal
