
Microsoft Visual Studio Solution File, Format Version 12.00
# Visual Studio Version 16
VisualStudioVersion = 16.0.33130.400
MinimumVisualStudioVersion = 10.0.40219.1
Project("{9A19103F-16F7-4668-BE54-9A1E7A4F7556}") = "ConsoleApp4", "ConsoleApp4\ConsoleApp4.csproj", "{52567A52-3763-4F14-AB81-EEC22B3FB7B2}"
EndProject
Project("{FAE04EC0-301F-11D3-BF4B-00C04F79EFBC}") = "ObserverVI", "WpfApp1\ObserverVI.csproj", "{04924022-E3FA-4C59-9196-2D37FFC88199}"
EndProject
Global
	GlobalSection(SolutionConfigurationPlatforms) = preSolution
		Debug|Any CPU = Debug|Any CPU
		Release|Any CPU = Release|Any CPU
	EndGlobalSection
	GlobalSection(ProjectConfigurationPlatforms) = postSolution
		{52567A52-3763-4F14-AB81-EEC22B3FB7B2}.Debug|Any CPU.ActiveCfg = Debug|Any CPU
		{52567A52-3763-4F14-AB81-EEC22B3FB7B2}.Debug|Any CPU.Build.0 = Debug|Any CPU
		{52567A52-3763-4F14-AB81-EEC22B3FB7B2}.Release|Any CPU.ActiveCfg = Release|Any CPU
		{52567A52-3763-4F14-AB81-EEC22B3FB7B2}.Release|Any CPU.Build.0 = Release|Any CPU
		{04924022-E3FA-4C59-9196-2D37FFC88199}.Debug|Any CPU.ActiveCfg = Debug|Any CPU
		{04924022-E3FA-4C59-9196-2D37FFC88199}.Debug|Any CPU.Build.0 = Debug|Any CPU
		{04924022-E3FA-4C59-9196-2D37FFC88199}.Release|Any CPU.ActiveCfg = Release|Any CPU
		{04924022-E3FA-4C59-9196-2D37FFC88199}.Release|Any CPU.Build.0 = Release|Any CPU
	EndGlobalSection
	GlobalSection(SolutionProperties) = preSolution
		HideSolutionNode = FALSE
	EndGlobalSection
	GlobalSection(ExtensibilityGlobals) = postSolution
		SolutionGuid = {28F4496A-B66C-46EB-BD23-483A1D1F684C}
	EndGlobalSection
EndGlobal
